
Microsoft Visual Studio Solution File, Format Version 12.00
# Visual Studio Version 17
VisualStudioVersion = 17.0.31903.59
MinimumVisualStudioVersion = 10.0.40219.1
Project("{2150E333-8FDC-42A3-9474-1A3956D46DE8}") = "Domain", "Domain", "{996CEBED-A05B-5D42-3FF0-982E087A2599}"
EndProject
Project("{FAE04EC0-301F-11D3-BF4B-00C04F79EFBC}") = "ArturRios.Fortuna.Domain", "Domain\ArturRios.Fortuna.Domain\ArturRios.Fortuna.Domain.csproj", "{F72B32EA-2006-4A6E-98A7-EF5A2C375707}"
EndProject
Project("{2150E333-8FDC-42A3-9474-1A3956D46DE8}") = "Application", "Application", "{A74F262E-BDE7-D5D2-89E9-785413424D0A}"
EndProject
Project("{FAE04EC0-301F-11D3-BF4B-00C04F79EFBC}") = "ArturRios.Fortuna.Command", "Application\ArturRios.Fortuna.Command\ArturRios.Fortuna.Command.csproj", "{5A3BC60D-3344-4322-8031-FE7DF87AAEAB}"
EndProject
Project("{FAE04EC0-301F-11D3-BF4B-00C04F79EFBC}") = "ArturRios.Fortuna.Query", "Application\ArturRios.Fortuna.Query\ArturRios.Fortuna.Query.csproj", "{02CBDFFA-B8FD-4F6D-8F10-B53E432AFA85}"
EndProject
Project("{FAE04EC0-301F-11D3-BF4B-00C04F79EFBC}") = "ArturRios.Fortuna.Shared", "Application\ArturRios.Fortuna.Shared\ArturRios.Fortuna.Shared.csproj", "{742C46D7-47D1-431D-A366-F8ED0CE041E4}"
EndProject
Project("{2150E333-8FDC-42A3-9474-1A3956D46DE8}") = "Infrastructure", "Infrastructure", "{DFEE68D8-A7D0-1A41-506C-9B74AA9A7B7B}"
EndProject
Project("{FAE04EC0-301F-11D3-BF4B-00C04F79EFBC}") = "ArturRios.Fortuna.Data", "Infrastructure\ArturRios.Fortuna.Data\ArturRios.Fortuna.Data.csproj", "{D7A54941-AECF-4642-ADEA-F3E7DBA39B1E}"
EndProject
Project("{FAE04EC0-301F-11D3-BF4B-00C04F79EFBC}") = "ArturRios.Fortuna.Integration", "Infrastructure\ArturRios.Fortuna.Integration\ArturRios.Fortuna.Integration.csproj", "{DCA37090-BC64-41FA-A9DE-9B701178FC7A}"
EndProject
Project("{2150E333-8FDC-42A3-9474-1A3956D46DE8}") = "Presentation", "Presentation", "{06CFFD70-14AA-A959-A3BA-1B15D094E3B1}"
EndProject
Project("{FAE04EC0-301F-11D3-BF4B-00C04F79EFBC}") = "ArturRios.Fortuna.WebApi", "Presentation\ArturRios.Fortuna.WebApi\ArturRios.Fortuna.WebApi.csproj", "{676124D1-52CB-41BF-9496-7E04265C3D09}"
EndProject
Project("{2150E333-8FDC-42A3-9474-1A3956D46DE8}") = "Tests", "Tests", "{0AB3BF05-4346-4AA6-1389-037BE0695223}"
EndProject
Project("{2150E333-8FDC-42A3-9474-1A3956D46DE8}") = "Domain", "Domain", "{AA729693-B437-D1F0-D453-A817F88C4370}"
EndProject
Project("{FAE04EC0-301F-11D3-BF4B-00C04F79EFBC}") = "ArturRios.Fortuna.Domain.Tests", "..\tests\Domain\ArturRios.Fortuna.Domain.Tests\ArturRios.Fortuna.Domain.Tests.csproj", "{EA290E4B-A68D-4DE0-B075-A6EF8AAEBBFA}"
EndProject
Project("{2150E333-8FDC-42A3-9474-1A3956D46DE8}") = "Application", "Application", "{B611CC27-D592-8FDF-F9F1-D39D131BCC02}"
EndProject
Project("{FAE04EC0-301F-11D3-BF4B-00C04F79EFBC}") = "ArturRios.Fortuna.Command.Tests", "..\tests\Application\ArturRios.Fortuna.Command.Tests\ArturRios.Fortuna.Command.Tests.csproj", "{DD3047D5-F250-45F6-80AF-D85090FA69F4}"
EndProject
Project("{FAE04EC0-301F-11D3-BF4B-00C04F79EFBC}") = "ArturRios.Fortuna.Query.Tests", "..\tests\Application\ArturRios.Fortuna.Query.Tests\ArturRios.Fortuna.Query.Tests.csproj", "{2C4E77C0-C220-40B0-AE92-91FEB816FF11}"
EndProject
Project("{FAE04EC0-301F-11D3-BF4B-00C04F79EFBC}") = "ArturRios.Fortuna.Shared.Tests", "..\tests\Application\ArturRios.Fortuna.Shared.Tests\ArturRios.Fortuna.Shared.Tests.csproj", "{C7454D75-761F-41F8-A840-575D443CA991}"
EndProject
Project("{2150E333-8FDC-42A3-9474-1A3956D46DE8}") = "Infrastructure", "Infrastructure", "{2CDFC2B4-03A0-2A52-1000-A892D95DD3FA}"
EndProject
Project("{FAE04EC0-301F-11D3-BF4B-00C04F79EFBC}") = "ArturRios.Fortuna.Data.Tests", "..\tests\Infrastructure\ArturRios.Fortuna.Data.Tests\ArturRios.Fortuna.Data.Tests.csproj", "{F5B7C58C-EE9B-4695-9D1F-6097DC101AA5}"
EndProject
Project("{FAE04EC0-301F-11D3-BF4B-00C04F79EFBC}") = "ArturRios.Fortuna.Integration.Tests", "..\tests\Infrastructure\ArturRios.Fortuna.Integration.Tests\ArturRios.Fortuna.Integration.Tests.csproj", "{251BA6DD-92F4-4B76-9401-5671216774ED}"
EndProject
Project("{2150E333-8FDC-42A3-9474-1A3956D46DE8}") = "Presentation", "Presentation", "{A63B96E9-70FC-0FDC-3588-905A57B46513}"
EndProject
Project("{FAE04EC0-301F-11D3-BF4B-00C04F79EFBC}") = "ArturRios.Fortuna.WebApi.Tests", "..\tests\Presentation\ArturRios.Fortuna.WebApi.Tests\ArturRios.Fortuna.WebApi.Tests.csproj", "{2FD571D3-2609-4F4A-A6A2-8DEA8915D150}"
EndProject
Global
	GlobalSection(SolutionConfigurationPlatforms) = preSolution
		Debug|Any CPU = Debug|Any CPU
		Debug|x64 = Debug|x64
		Debug|x86 = Debug|x86
		Release|Any CPU = Release|Any CPU
		Release|x64 = Release|x64
		Release|x86 = Release|x86
	EndGlobalSection
	GlobalSection(ProjectConfigurationPlatforms) = postSolution
		{F72B32EA-2006-4A6E-98A7-EF5A2C375707}.Debug|Any CPU.ActiveCfg = Debug|Any CPU
		{F72B32EA-2006-4A6E-98A7-EF5A2C375707}.Debug|Any CPU.Build.0 = Debug|Any CPU
		{F72B32EA-2006-4A6E-98A7-EF5A2C375707}.Debug|x64.ActiveCfg = Debug|Any CPU
		{F72B32EA-2006-4A6E-98A7-EF5A2C375707}.Debug|x64.Build.0 = Debug|Any CPU
		{F72B32EA-2006-4A6E-98A7-EF5A2C375707}.Debug|x86.ActiveCfg = Debug|Any CPU
		{F72B32EA-2006-4A6E-98A7-EF5A2C375707}.Debug|x86.Build.0 = Debug|Any CPU
		{F72B32EA-2006-4A6E-98A7-EF5A2C375707}.Release|Any CPU.ActiveCfg = Release|Any CPU
		{F72B32EA-2006-4A6E-98A7-EF5A2C375707}.Release|Any CPU.Build.0 = Release|Any CPU
		{F72B32EA-2006-4A6E-98A7-EF5A2C375707}.Release|x64.ActiveCfg = Release|Any CPU
		{F72B32EA-2006-4A6E-98A7-EF5A2C375707}.Release|x64.Build.0 = Release|Any CPU
		{F72B32EA-2006-4A6E-98A7-EF5A2C375707}.Release|x86.ActiveCfg = Release|Any CPU
		{F72B32EA-2006-4A6E-98A7-EF5A2C375707}.Release|x86.Build.0 = Release|Any CPU
		{5A3BC60D-3344-4322-8031-FE7DF87AAEAB}.Debug|Any CPU.ActiveCfg = Debug|Any CPU
		{5A3BC60D-3344-4322-8031-FE7DF87AAEAB}.Debug|Any CPU.Build.0 = Debug|Any CPU
		{5A3BC60D-3344-4322-8031-FE7DF87AAEAB}.Debug|x64.ActiveCfg = Debug|Any CPU
		{5A3BC60D-3344-4322-8031-FE7DF87AAEAB}.Debug|x64.Build.0 = Debug|Any CPU
		{5A3BC60D-3344-4322-8031-FE7DF87AAEAB}.Debug|x86.ActiveCfg = Debug|Any CPU
		{5A3BC60D-3344-4322-8031-FE7DF87AAEAB}.Debug|x86.Build.0 = Debug|Any CPU
		{5A3BC60D-3344-4322-8031-FE7DF87AAEAB}.Release|Any CPU.ActiveCfg = Release|Any CPU
		{5A3BC60D-3344-4322-8031-FE7DF87AAEAB}.Release|Any CPU.Build.0 = Release|Any CPU
		{5A3BC60D-3344-4322-8031-FE7DF87AAEAB}.Release|x64.ActiveCfg = Release|Any CPU
		{5A3BC60D-3344-4322-8031-FE7DF87AAEAB}.Release|x64.Build.0 = Release|Any CPU
		{5A3BC60D-3344-4322-8031-FE7DF87AAEAB}.Release|x86.ActiveCfg = Release|Any CPU
		{5A3BC60D-3344-4322-8031-FE7DF87AAEAB}.Release|x86.Build.0 = Release|Any CPU
		{02CBDFFA-B8FD-4F6D-8F10-B53E432AFA85}.Debug|Any CPU.ActiveCfg = Debug|Any CPU
		{02CBDFFA-B8FD-4F6D-8F10-B53E432AFA85}.Debug|Any CPU.Build.0 = Debug|Any CPU
		{02CBDFFA-B8FD-4F6D-8F10-B53E432AFA85}.Debug|x64.ActiveCfg = Debug|Any CPU
		{02CBDFFA-B8FD-4F6D-8F10-B53E432AFA85}.Debug|x64.Build.0 = Debug|Any CPU
		{02CBDFFA-B8FD-4F6D-8F10-B53E432AFA85}.Debug|x86.ActiveCfg = Debug|Any CPU
		{02CBDFFA-B8FD-4F6D-8F10-B53E432AFA85}.Debug|x86.Build.0 = Debug|Any CPU
		{02CBDFFA-B8FD-4F6D-8F10-B53E432AFA85}.Release|Any CPU.ActiveCfg = Release|Any CPU
		{02CBDFFA-B8FD-4F6D-8F10-B53E432AFA85}.Release|Any CPU.Build.0 = Release|Any CPU
		{02CBDFFA-B8FD-4F6D-8F10-B53E432AFA85}.Release|x64.ActiveCfg = Release|Any CPU
		{02CBDFFA-B8FD-4F6D-8F10-B53E432AFA85}.Release|x64.Build.0 = Release|Any CPU
		{02CBDFFA-B8FD-4F6D-8F10-B53E432AFA85}.Release|x86.ActiveCfg = Release|Any CPU
		{02CBDFFA-B8FD-4F6D-8F10-B53E432AFA85}.Release|x86.Build.0 = Release|Any CPU
		{742C46D7-47D1-431D-A366-F8ED0CE041E4}.Debug|Any CPU.ActiveCfg = Debug|Any CPU
		{742C46D7-47D1-431D-A366-F8ED0CE041E4}.Debug|Any CPU.Build.0 = Debug|Any CPU
		{742C46D7-47D1-431D-A366-F8ED0CE041E4}.Debug|x64.ActiveCfg = Debug|Any CPU
		{742C46D7-47D1-431D-A366-F8ED0CE041E4}.Debug|x64.Build.0 = Debug|Any CPU
		{742C46D7-47D1-431D-A366-F8ED0CE041E4}.Debug|x86.ActiveCfg = Debug|Any CPU
		{742C46D7-47D1-431D-A366-F8ED0CE041E4}.Debug|x86.Build.0 = Debug|Any CPU
		{742C46D7-47D1-431D-A366-F8ED0CE041E4}.Release|Any CPU.ActiveCfg = Release|Any CPU
		{742C46D7-47D1-431D-A366-F8ED0CE041E4}.Release|Any CPU.Build.0 = Release|Any CPU
		{742C46D7-47D1-431D-A366-F8ED0CE041E4}.Release|x64.ActiveCfg = Release|Any CPU
		{742C46D7-47D1-431D-A366-F8ED0CE041E4}.Release|x64.Build.0 = Release|Any CPU
		{742C46D7-47D1-431D-A366-F8ED0CE041E4}.Release|x86.ActiveCfg = Release|Any CPU
		{742C46D7-47D1-431D-A366-F8ED0CE041E4}.Release|x86.Build.0 = Release|Any CPU
		{D7A54941-AECF-4642-ADEA-F3E7DBA39B1E}.Debug|Any CPU.ActiveCfg = Debug|Any CPU
		{D7A54941-AECF-4642-ADEA-F3E7DBA39B1E}.Debug|Any CPU.Build.0 = Debug|Any CPU
		{D7A54941-AECF-4642-ADEA-F3E7DBA39B1E}.Debug|x64.ActiveCfg = Debug|Any CPU
		{D7A54941-AECF-4642-ADEA-F3E7DBA39B1E}.Debug|x64.Build.0 = Debug|Any CPU
		{D7A54941-AECF-4642-ADEA-F3E7DBA39B1E}.Debug|x86.ActiveCfg = Debug|Any CPU
		{D7A54941-AECF-4642-ADEA-F3E7DBA39B1E}.Debug|x86.Build.0 = Debug|Any CPU
		{D7A54941-AECF-4642-ADEA-F3E7DBA39B1E}.Release|Any CPU.ActiveCfg = Release|Any CPU
		{D7A54941-AECF-4642-ADEA-F3E7DBA39B1E}.Release|Any CPU.Build.0 = Release|Any CPU
		{D7A54941-AECF-4642-ADEA-F3E7DBA39B1E}.Release|x64.ActiveCfg = Release|Any CPU
		{D7A54941-AECF-4642-ADEA-F3E7DBA39B1E}.Release|x64.Build.0 = Release|Any CPU
		{D7A54941-AECF-4642-ADEA-F3E7DBA39B1E}.Release|x86.ActiveCfg = Release|Any CPU
		{D7A54941-AECF-4642-ADEA-F3E7DBA39B1E}.Release|x86.Build.0 = Release|Any CPU
		{DCA37090-BC64-41FA-A9DE-9B701178FC7A}.Debug|Any CPU.ActiveCfg = Debug|Any CPU
		{DCA37090-BC64-41FA-A9DE-9B701178FC7A}.Debug|Any CPU.Build.0 = Debug|Any CPU
		{DCA37090-BC64-41FA-A9DE-9B701178FC7A}.Debug|x64.ActiveCfg = Debug|Any CPU
		{DCA37090-BC64-41FA-A9DE-9B701178FC7A}.Debug|x64.Build.0 = Debug|Any CPU
		{DCA37090-BC64-41FA-A9DE-9B701178FC7A}.Debug|x86.ActiveCfg = Debug|Any CPU
		{DCA37090-BC64-41FA-A9DE-9B701178FC7A}.Debug|x86.Build.0 = Debug|Any CPU
		{DCA37090-BC64-41FA-A9DE-9B701178FC7A}.Release|Any CPU.ActiveCfg = Release|Any CPU
		{DCA37090-BC64-41FA-A9DE-9B701178FC7A}.Release|Any CPU.Build.0 = Release|Any CPU
		{DCA37090-BC64-41FA-A9DE-9B701178FC7A}.Release|x64.ActiveCfg = Release|Any CPU
		{DCA37090-BC64-41FA-A9DE-9B701178FC7A}.Release|x64.Build.0 = Release|Any CPU
		{DCA37090-BC64-41FA-A9DE-9B701178FC7A}.Release|x86.ActiveCfg = Release|Any CPU
		{DCA37090-BC64-41FA-A9DE-9B701178FC7A}.Release|x86.Build.0 = Release|Any CPU
		{676124D1-52CB-41BF-9496-7E04265C3D09}.Debug|Any CPU.ActiveCfg = Debug|Any CPU
		{676124D1-52CB-41BF-9496-7E04265C3D09}.Debug|Any CPU.Build.0 = Debug|Any CPU
		{676124D1-52CB-41BF-9496-7E04265C3D09}.Debug|x64.ActiveCfg = Debug|Any CPU
		{676124D1-52CB-41BF-9496-7E04265C3D09}.Debug|x64.Build.0 = Debug|Any CPU
		{676124D1-52CB-41BF-9496-7E04265C3D09}.Debug|x86.ActiveCfg = Debug|Any CPU
		{676124D1-52CB-41BF-9496-7E04265C3D09}.Debug|x86.Build.0 = Debug|Any CPU
		{676124D1-52CB-41BF-9496-7E04265C3D09}.Release|Any CPU.ActiveCfg = Release|Any CPU
		{676124D1-52CB-41BF-9496-7E04265C3D09}.Release|Any CPU.Build.0 = Release|Any CPU
		{676124D1-52CB-41BF-9496-7E04265C3D09}.Release|x64.ActiveCfg = Release|Any CPU
		{676124D1-52CB-41BF-9496-7E04265C3D09}.Release|x64.Build.0 = Release|Any CPU
		{676124D1-52CB-41BF-9496-7E04265C3D09}.Release|x86.ActiveCfg = Release|Any CPU
		{676124D1-52CB-41BF-9496-7E04265C3D09}.Release|x86.Build.0 = Release|Any CPU
		{EA290E4B-A68D-4DE0-B075-A6EF8AAEBBFA}.Debug|Any CPU.ActiveCfg = Debug|Any CPU
		{EA290E4B-A68D-4DE0-B075-A6EF8AAEBBFA}.Debug|Any CPU.Build.0 = Debug|Any CPU
		{EA290E4B-A68D-4DE0-B075-A6EF8AAEBBFA}.Debug|x64.ActiveCfg = Debug|Any CPU
		{EA290E4B-A68D-4DE0-B075-A6EF8AAEBBFA}.Debug|x64.Build.0 = Debug|Any CPU
		{EA290E4B-A68D-4DE0-B075-A6EF8AAEBBFA}.Debug|x86.ActiveCfg = Debug|Any CPU
		{EA290E4B-A68D-4DE0-B075-A6EF8AAEBBFA}.Debug|x86.Build.0 = Debug|Any CPU
		{EA290E4B-A68D-4DE0-B075-A6EF8AAEBBFA}.Release|Any CPU.ActiveCfg = Release|Any CPU
		{EA290E4B-A68D-4DE0-B075-A6EF8AAEBBFA}.Release|Any CPU.Build.0 = Release|Any CPU
		{EA290E4B-A68D-4DE0-B075-A6EF8AAEBBFA}.Release|x64.ActiveCfg = Release|Any CPU
		{EA290E4B-A68D-4DE0-B075-A6EF8AAEBBFA}.Release|x64.Build.0 = Release|Any CPU
		{EA290E4B-A68D-4DE0-B075-A6EF8AAEBBFA}.Release|x86.ActiveCfg = Release|Any CPU
		{EA290E4B-A68D-4DE0-B075-A6EF8AAEBBFA}.Release|x86.Build.0 = Release|Any CPU
		{DD3047D5-F250-45F6-80AF-D85090FA69F4}.Debug|Any CPU.ActiveCfg = Debug|Any CPU
		{DD3047D5-F250-45F6-80AF-D85090FA69F4}.Debug|Any CPU.Build.0 = Debug|Any CPU
		{DD3047D5-F250-45F6-80AF-D85090FA69F4}.Debug|x64.ActiveCfg = Debug|Any CPU
		{DD3047D5-F250-45F6-80AF-D85090FA69F4}.Debug|x64.Build.0 = Debug|Any CPU
		{DD3047D5-F250-45F6-80AF-D85090FA69F4}.Debug|x86.ActiveCfg = Debug|Any CPU
		{DD3047D5-F250-45F6-80AF-D85090FA69F4}.Debug|x86.Build.0 = Debug|Any CPU
		{DD3047D5-F250-45F6-80AF-D85090FA69F4}.Release|Any CPU.ActiveCfg = Release|Any CPU
		{DD3047D5-F250-45F6-80AF-D85090FA69F4}.Release|Any CPU.Build.0 = Release|Any CPU
		{DD3047D5-F250-45F6-80AF-D85090FA69F4}.Release|x64.ActiveCfg = Release|Any CPU
		{DD3047D5-F250-45F6-80AF-D85090FA69F4}.Release|x64.Build.0 = Release|Any CPU
		{DD3047D5-F250-45F6-80AF-D85090FA69F4}.Release|x86.ActiveCfg = Release|Any CPU
		{DD3047D5-F250-45F6-80AF-D85090FA69F4}.Release|x86.Build.0 = Release|Any CPU
		{2C4E77C0-C220-40B0-AE92-91FEB816FF11}.Debug|Any CPU.ActiveCfg = Debug|Any CPU
		{2C4E77C0-C220-40B0-AE92-91FEB816FF11}.Debug|Any CPU.Build.0 = Debug|Any CPU
		{2C4E77C0-C220-40B0-AE92-91FEB816FF11}.Debug|x64.ActiveCfg = Debug|Any CPU
		{2C4E77C0-C220-40B0-AE92-91FEB816FF11}.Debug|x64.Build.0 = Debug|Any CPU
		{2C4E77C0-C220-40B0-AE92-91FEB816FF11}.Debug|x86.ActiveCfg = Debug|Any CPU
		{2C4E77C0-C220-40B0-AE92-91FEB816FF11}.Debug|x86.Build.0 = Debug|Any CPU
		{2C4E77C0-C220-40B0-AE92-91FEB816FF11}.Release|Any CPU.ActiveCfg = Release|Any CPU
		{2C4E77C0-C220-40B0-AE92-91FEB816FF11}.Release|Any CPU.Build.0 = Release|Any CPU
		{2C4E77C0-C220-40B0-AE92-91FEB816FF11}.Release|x64.ActiveCfg = Release|Any CPU
		{2C4E77C0-C220-40B0-AE92-91FEB816FF11}.Release|x64.Build.0 = Release|Any CPU
		{2C4E77C0-C220-40B0-AE92-91FEB816FF11}.Release|x86.ActiveCfg = Release|Any CPU
		{2C4E77C0-C220-40B0-AE92-91FEB816FF11}.Release|x86.Build.0 = Release|Any CPU
		{C7454D75-761F-41F8-A840-575D443CA991}.Debug|Any CPU.ActiveCfg = Debug|Any CPU
		{C7454D75-761F-41F8-A840-575D443CA991}.Debug|Any CPU.Build.0 = Debug|Any CPU
		{C7454D75-761F-41F8-A840-575D443CA991}.Debug|x64.ActiveCfg = Debug|Any CPU
		{C7454D75-761F-41F8-A840-575D443CA991}.Debug|x64.Build.0 = Debug|Any CPU
		{C7454D75-761F-41F8-A840-575D443CA991}.Debug|x86.ActiveCfg = Debug|Any CPU
		{C7454D75-761F-41F8-A840-575D443CA991}.Debug|x86.Build.0 = Debug|Any CPU
		{C7454D75-761F-41F8-A840-575D443CA991}.Release|Any CPU.ActiveCfg = Release|Any CPU
		{C7454D75-761F-41F8-A840-575D443CA991}.Release|Any CPU.Build.0 = Release|Any CPU
		{C7454D75-761F-41F8-A840-575D443CA991}.Release|x64.ActiveCfg = Release|Any CPU
		{C7454D75-761F-41F8-A840-575D443CA991}.Release|x64.Build.0 = Release|Any CPU
		{C7454D75-761F-41F8-A840-575D443CA991}.Release|x86.ActiveCfg = Release|Any CPU
		{C7454D75-761F-41F8-A840-575D443CA991}.Release|x86.Build.0 = Release|Any CPU
		{F5B7C58C-EE9B-4695-9D1F-6097DC101AA5}.Debug|Any CPU.ActiveCfg = Debug|Any CPU
		{F5B7C58C-EE9B-4695-9D1F-6097DC101AA5}.Debug|Any CPU.Build.0 = Debug|Any CPU
		{F5B7C58C-EE9B-4695-9D1F-6097DC101AA5}.Debug|x64.ActiveCfg = Debug|Any CPU
		{F5B7C58C-EE9B-4695-9D1F-6097DC101AA5}.Debug|x64.Build.0 = Debug|Any CPU
		{F5B7C58C-EE9B-4695-9D1F-6097DC101AA5}.Debug|x86.ActiveCfg = Debug|Any CPU
		{F5B7C58C-EE9B-4695-9D1F-6097DC101AA5}.Debug|x86.Build.0 = Debug|Any CPU
		{F5B7C58C-EE9B-4695-9D1F-6097DC101AA5}.Release|Any CPU.ActiveCfg = Release|Any CPU
		{F5B7C58C-EE9B-4695-9D1F-6097DC101AA5}.Release|Any CPU.Build.0 = Release|Any CPU
		{F5B7C58C-EE9B-4695-9D1F-6097DC101AA5}.Release|x64.ActiveCfg = Release|Any CPU
		{F5B7C58C-EE9B-4695-9D1F-6097DC101AA5}.Release|x64.Build.0 = Release|Any CPU
		{F5B7C58C-EE9B-4695-9D1F-6097DC101AA5}.Release|x86.ActiveCfg = Release|Any CPU
		{F5B7C58C-EE9B-4695-9D1F-6097DC101AA5}.Release|x86.Build.0 = Release|Any CPU
		{251BA6DD-92F4-4B76-9401-5671216774ED}.Debug|Any CPU.ActiveCfg = Debug|Any CPU
		{251BA6DD-92F4-4B76-9401-5671216774ED}.Debug|Any CPU.Build.0 = Debug|Any CPU
		{251BA6DD-92F4-4B76-9401-5671216774ED}.Debug|x64.ActiveCfg = Debug|Any CPU
		{251BA6DD-92F4-4B76-9401-5671216774ED}.Debug|x64.Build.0 = Debug|Any CPU
		{251BA6DD-92F4-4B76-9401-5671216774ED}.Debug|x86.ActiveCfg = Debug|Any CPU
		{251BA6DD-92F4-4B76-9401-5671216774ED}.Debug|x86.Build.0 = Debug|Any CPU
		{251BA6DD-92F4-4B76-9401-5671216774ED}.Release|Any CPU.ActiveCfg = Release|Any CPU
		{251BA6DD-92F4-4B76-9401-5671216774ED}.Release|Any CPU.Build.0 = Release|Any CPU
		{251BA6DD-92F4-4B76-9401-5671216774ED}.Release|x64.ActiveCfg = Release|Any CPU
		{251BA6DD-92F4-4B76-9401-5671216774ED}.Release|x64.Build.0 = Release|Any CPU
		{251BA6DD-92F4-4B76-9401-5671216774ED}.Release|x86.ActiveCfg = Release|Any CPU
		{251BA6DD-92F4-4B76-9401-5671216774ED}.Release|x86.Build.0 = Release|Any CPU
		{2FD571D3-2609-4F4A-A6A2-8DEA8915D150}.Debug|Any CPU.ActiveCfg = Debug|Any CPU
		{2FD571D3-2609-4F4A-A6A2-8DEA8915D150}.Debug|Any CPU.Build.0 = Debug|Any CPU
		{2FD571D3-2609-4F4A-A6A2-8DEA8915D150}.Debug|x64.ActiveCfg = Debug|Any CPU
		{2FD571D3-2609-4F4A-A6A2-8DEA8915D150}.Debug|x64.Build.0 = Debug|Any CPU
		{2FD571D3-2609-4F4A-A6A2-8DEA8915D150}.Debug|x86.ActiveCfg = Debug|Any CPU
		{2FD571D3-2609-4F4A-A6A2-8DEA8915D150}.Debug|x86.Build.0 = Debug|Any CPU
		{2FD571D3-2609-4F4A-A6A2-8DEA8915D150}.Release|Any CPU.ActiveCfg = Release|Any CPU
		{2FD571D3-2609-4F4A-A6A2-8DEA8915D150}.Release|Any CPU.Build.0 = Release|Any CPU
		{2FD571D3-2609-4F4A-A6A2-8DEA8915D150}.Release|x64.ActiveCfg = Release|Any CPU
		{2FD571D3-2609-4F4A-A6A2-8DEA8915D150}.Release|x64.Build.0 = Release|Any CPU
		{2FD571D3-2609-4F4A-A6A2-8DEA8915D150}.Release|x86.ActiveCfg = Release|Any CPU
		{2FD571D3-2609-4F4A-A6A2-8DEA8915D150}.Release|x86.Build.0 = Release|Any CPU
	EndGlobalSection
	GlobalSection(SolutionProperties) = preSolution
		HideSolutionNode = FALSE
	EndGlobalSection
	GlobalSection(NestedProjects) = preSolution
		{F72B32EA-2006-4A6E-98A7-EF5A2C375707} = {996CEBED-A05B-5D42-3FF0-982E087A2599}
		{5A3BC60D-3344-4322-8031-FE7DF87AAEAB} = {A74F262E-BDE7-D5D2-89E9-785413424D0A}
		{02CBDFFA-B8FD-4F6D-8F10-B53E432AFA85} = {A74F262E-BDE7-D5D2-89E9-785413424D0A}
		{742C46D7-47D1-431D-A366-F8ED0CE041E4} = {A74F262E-BDE7-D5D2-89E9-785413424D0A}
		{D7A54941-AECF-4642-ADEA-F3E7DBA39B1E} = {DFEE68D8-A7D0-1A41-506C-9B74AA9A7B7B}
		{DCA37090-BC64-41FA-A9DE-9B701178FC7A} = {DFEE68D8-A7D0-1A41-506C-9B74AA9A7B7B}
		{676124D1-52CB-41BF-9496-7E04265C3D09} = {06CFFD70-14AA-A959-A3BA-1B15D094E3B1}
		{AA729693-B437-D1F0-D453-A817F88C4370} = {0AB3BF05-4346-4AA6-1389-037BE0695223}
		{EA290E4B-A68D-4DE0-B075-A6EF8AAEBBFA} = {AA729693-B437-D1F0-D453-A817F88C4370}
		{B611CC27-D592-8FDF-F9F1-D39D131BCC02} = {0AB3BF05-4346-4AA6-1389-037BE0695223}
		{DD3047D5-F250-45F6-80AF-D85090FA69F4} = {B611CC27-D592-8FDF-F9F1-D39D131BCC02}
		{2C4E77C0-C220-40B0-AE92-91FEB816FF11} = {B611CC27-D592-8FDF-F9F1-D39D131BCC02}
		{C7454D75-761F-41F8-A840-575D443CA991} = {B611CC27-D592-8FDF-F9F1-D39D131BCC02}
		{2CDFC2B4-03A0-2A52-1000-A892D95DD3FA} = {0AB3BF05-4346-4AA6-1389-037BE0695223}
		{F5B7C58C-EE9B-4695-9D1F-6097DC101AA5} = {2CDFC2B4-03A0-2A52-1000-A892D95DD3FA}
		{251BA6DD-92F4-4B76-9401-5671216774ED} = {2CDFC2B4-03A0-2A52-1000-A892D95DD3FA}
		{A63B96E9-70FC-0FDC-3588-905A57B46513} = {0AB3BF05-4346-4AA6-1389-037BE0695223}
		{2FD571D3-2609-4F4A-A6A2-8DEA8915D150} = {A63B96E9-70FC-0FDC-3588-905A57B46513}
	EndGlobalSection
EndGlobal
